
Microsoft Visual Studio Solution File, Format Version 12.00
# Visual Studio Version 17
VisualStudioVersion = 17.11.35312.102
MinimumVisualStudioVersion = 10.0.40219.1
Project("{2150E333-8FDC-42A3-9474-1A3956D46DE8}") = "src", "src", "{28A971C7-B252-4BD4-AC94-DA8AAA64B8B7}"
EndProject
Project("{2150E333-8FDC-42A3-9474-1A3956D46DE8}") = "tests", "tests", "{4A5448EC-3980-4411-8B0D-6CCFD3319F35}"
EndProject
Project("{2150E333-8FDC-42A3-9474-1A3956D46DE8}") = "ProposalService", "ProposalService", "{D47C0FA6-DA9E-44E2-91C8-845D9D0853B4}"
EndProject
Project("{2150E333-8FDC-42A3-9474-1A3956D46DE8}") = "ContractService", "ContractService", "{4977646B-E6E0-47E6-B9DE-FA90C35B9BDA}"
EndProject
Project("{9A19103F-16F7-4668-BE54-9A1E7A4F7556}") = "ProposalService.Api", "ProposalService\src\ProposalService.Api\ProposalService.Api.csproj", "{1EEEEDFE-247B-498C-884A-9036750A755C}"
EndProject
Project("{9A19103F-16F7-4668-BE54-9A1E7A4F7556}") = "ProposalService.Domain", "ProposalService\src\ProposalService.Domain\ProposalService.Domain.csproj", "{A1779DF9-EBFF-44A0-B523-87543B65ACBE}"
EndProject
Project("{9A19103F-16F7-4668-BE54-9A1E7A4F7556}") = "ProposalService.Persistence", "ProposalService\src\ProposalService.Persistence\ProposalService.Persistence.csproj", "{5D8B06DD-6C15-46A5-B7C3-FD8535632838}"
EndProject
Project("{9A19103F-16F7-4668-BE54-9A1E7A4F7556}") = "ProposalService.Application", "ProposalService\src\ProposalService.Application\ProposalService.Application.csproj", "{DDE33E7D-0B73-4E0B-ABAA-986DF77BB424}"
EndProject
Project("{2150E333-8FDC-42A3-9474-1A3956D46DE8}") = "src", "src", "{ED9BADF3-36FB-4A57-985D-E635AEB1164B}"
EndProject
Project("{FAE04EC0-301F-11D3-BF4B-00C04F79EFBC}") = "ProposalService.UnitTest", "ProposalService\tests\ProposalService.UnitTest\ProposalService.UnitTest.csproj", "{3F304248-5C3E-486C-A53B-9E2D3832C00A}"
EndProject
Global
	GlobalSection(SolutionConfigurationPlatforms) = preSolution
		Debug|Any CPU = Debug|Any CPU
		Release|Any CPU = Release|Any CPU
	EndGlobalSection
	GlobalSection(ProjectConfigurationPlatforms) = postSolution
		{1EEEEDFE-247B-498C-884A-9036750A755C}.Debug|Any CPU.ActiveCfg = Debug|Any CPU
		{1EEEEDFE-247B-498C-884A-9036750A755C}.Debug|Any CPU.Build.0 = Debug|Any CPU
		{1EEEEDFE-247B-498C-884A-9036750A755C}.Release|Any CPU.ActiveCfg = Release|Any CPU
		{1EEEEDFE-247B-498C-884A-9036750A755C}.Release|Any CPU.Build.0 = Release|Any CPU
		{A1779DF9-EBFF-44A0-B523-87543B65ACBE}.Debug|Any CPU.ActiveCfg = Debug|Any CPU
		{A1779DF9-EBFF-44A0-B523-87543B65ACBE}.Debug|Any CPU.Build.0 = Debug|Any CPU
		{A1779DF9-EBFF-44A0-B523-87543B65ACBE}.Release|Any CPU.ActiveCfg = Release|Any CPU
		{A1779DF9-EBFF-44A0-B523-87543B65ACBE}.Release|Any CPU.Build.0 = Release|Any CPU
		{5D8B06DD-6C15-46A5-B7C3-FD8535632838}.Debug|Any CPU.ActiveCfg = Debug|Any CPU
		{5D8B06DD-6C15-46A5-B7C3-FD8535632838}.Debug|Any CPU.Build.0 = Debug|Any CPU
		{5D8B06DD-6C15-46A5-B7C3-FD8535632838}.Release|Any CPU.ActiveCfg = Release|Any CPU
		{5D8B06DD-6C15-46A5-B7C3-FD8535632838}.Release|Any CPU.Build.0 = Release|Any CPU
		{DDE33E7D-0B73-4E0B-ABAA-986DF77BB424}.Debug|Any CPU.ActiveCfg = Debug|Any CPU
		{DDE33E7D-0B73-4E0B-ABAA-986DF77BB424}.Debug|Any CPU.Build.0 = Debug|Any CPU
		{DDE33E7D-0B73-4E0B-ABAA-986DF77BB424}.Release|Any CPU.ActiveCfg = Release|Any CPU
		{DDE33E7D-0B73-4E0B-ABAA-986DF77BB424}.Release|Any CPU.Build.0 = Release|Any CPU
		{3F304248-5C3E-486C-A53B-9E2D3832C00A}.Debug|Any CPU.ActiveCfg = Debug|Any CPU
		{3F304248-5C3E-486C-A53B-9E2D3832C00A}.Debug|Any CPU.Build.0 = Debug|Any CPU
		{3F304248-5C3E-486C-A53B-9E2D3832C00A}.Release|Any CPU.ActiveCfg = Release|Any CPU
		{3F304248-5C3E-486C-A53B-9E2D3832C00A}.Release|Any CPU.Build.0 = Release|Any CPU
	EndGlobalSection
	GlobalSection(SolutionProperties) = preSolution
		HideSolutionNode = FALSE
	EndGlobalSection
	GlobalSection(NestedProjects) = preSolution
		{28A971C7-B252-4BD4-AC94-DA8AAA64B8B7} = {4977646B-E6E0-47E6-B9DE-FA90C35B9BDA}
		{4A5448EC-3980-4411-8B0D-6CCFD3319F35} = {D47C0FA6-DA9E-44E2-91C8-845D9D0853B4}
		{1EEEEDFE-247B-498C-884A-9036750A755C} = {ED9BADF3-36FB-4A57-985D-E635AEB1164B}
		{A1779DF9-EBFF-44A0-B523-87543B65ACBE} = {ED9BADF3-36FB-4A57-985D-E635AEB1164B}
		{5D8B06DD-6C15-46A5-B7C3-FD8535632838} = {ED9BADF3-36FB-4A57-985D-E635AEB1164B}
		{DDE33E7D-0B73-4E0B-ABAA-986DF77BB424} = {ED9BADF3-36FB-4A57-985D-E635AEB1164B}
		{ED9BADF3-36FB-4A57-985D-E635AEB1164B} = {D47C0FA6-DA9E-44E2-91C8-845D9D0853B4}
		{3F304248-5C3E-486C-A53B-9E2D3832C00A} = {4A5448EC-3980-4411-8B0D-6CCFD3319F35}
	EndGlobalSection
	GlobalSection(ExtensibilityGlobals) = postSolution
		SolutionGuid = {B23D3EAC-7CEA-4F07-98B2-DDEBB588D0D2}
	EndGlobalSection
EndGlobal
